
Microsoft Visual Studio Solution File, Format Version 12.00
# Visual Studio Version 17
VisualStudioVersion = 17.3.32825.248
MinimumVisualStudioVersion = 10.0.40219.1
Project("{FAE04EC0-301F-11D3-BF4B-00C04F79EFBC}") = "Schizofrenia", "Schizofrenia\Schizofrenia.csproj", "{091E6D9B-2C5B-416B-A5D2-5001D0F91112}"
EndProject
Global
	GlobalSection(SolutionConfigurationPlatforms) = preSolution
		Debug|Any CPU = Debug|Any CPU
		Release|Any CPU = Release|Any CPU
	EndGlobalSection
	GlobalSection(ProjectConfigurationPlatforms) = postSolution
		{091E6D9B-2C5B-416B-A5D2-5001D0F91112}.Debug|Any CPU.ActiveCfg = Debug|Any CPU
		{091E6D9B-2C5B-416B-A5D2-5001D0F91112}.Debug|Any CPU.Build.0 = Debug|Any CPU
		{091E6D9B-2C5B-416B-A5D2-5001D0F91112}.Release|Any CPU.ActiveCfg = Release|Any CPU
		{091E6D9B-2C5B-416B-A5D2-5001D0F91112}.Release|Any CPU.Build.0 = Release|Any CPU
	EndGlobalSection
	GlobalSection(SolutionProperties) = preSolution
		HideSolutionNode = FALSE
	EndGlobalSection
	GlobalSection(ExtensibilityGlobals) = postSolution
		SolutionGuid = {E640C12F-C538-453C-A3D3-46882198EA13}
	EndGlobalSection
EndGlobal
